
Microsoft Visual Studio Solution File, Format Version 12.00
# Visual Studio 15
VisualStudioVersion = 15.0.28010.2041
MinimumVisualStudioVersion = 10.0.40219.1
Project("{8BC9CEB8-8B4A-11D0-8D11-00A0C91BC942}") = "Scrambler", "Scrambler\Scrambler.vcxproj", "{D992D5D2-0474-4B13-AB44-7CB98F9E99FB}"
EndProject
Global
	GlobalSection(SolutionConfigurationPlatforms) = preSolution
		Debug|x64 = Debug|x64
		Debug|x86 = Debug|x86
		DLL Debug|x64 = DLL Debug|x64
		DLL Debug|x86 = DLL Debug|x86
		DLL Release|x64 = DLL Release|x64
		DLL Release|x86 = DLL Release|x86
		Release|x64 = Release|x64
		Release|x86 = Release|x86
	EndGlobalSection
	GlobalSection(ProjectConfigurationPlatforms) = postSolution
		{D992D5D2-0474-4B13-AB44-7CB98F9E99FB}.Debug|x64.ActiveCfg = Debug|x64
		{D992D5D2-0474-4B13-AB44-7CB98F9E99FB}.Debug|x64.Build.0 = Debug|x64
		{D992D5D2-0474-4B13-AB44-7CB98F9E99FB}.Debug|x86.ActiveCfg = Debug|Win32
		{D992D5D2-0474-4B13-AB44-7CB98F9E99FB}.Debug|x86.Build.0 = Debug|Win32
		{D992D5D2-0474-4B13-AB44-7CB98F9E99FB}.DLL Debug|x64.ActiveCfg = DLL Debug|x64
		{D992D5D2-0474-4B13-AB44-7CB98F9E99FB}.DLL Debug|x64.Build.0 = DLL Debug|x64
		{D992D5D2-0474-4B13-AB44-7CB98F9E99FB}.DLL Debug|x86.ActiveCfg = DLL Debug|Win32
		{D992D5D2-0474-4B13-AB44-7CB98F9E99FB}.DLL Debug|x86.Build.0 = DLL Debug|Win32
		{D992D5D2-0474-4B13-AB44-7CB98F9E99FB}.DLL Release|x64.ActiveCfg = DLL Release|x64
		{D992D5D2-0474-4B13-AB44-7CB98F9E99FB}.DLL Release|x64.Build.0 = DLL Release|x64
		{D992D5D2-0474-4B13-AB44-7CB98F9E99FB}.DLL Release|x86.ActiveCfg = DLL Release|Win32
		{D992D5D2-0474-4B13-AB44-7CB98F9E99FB}.DLL Release|x86.Build.0 = DLL Release|Win32
		{D992D5D2-0474-4B13-AB44-7CB98F9E99FB}.Release|x64.ActiveCfg = Release|x64
		{D992D5D2-0474-4B13-AB44-7CB98F9E99FB}.Release|x64.Build.0 = Release|x64
		{D992D5D2-0474-4B13-AB44-7CB98F9E99FB}.Release|x86.ActiveCfg = Release|Win32
		{D992D5D2-0474-4B13-AB44-7CB98F9E99FB}.Release|x86.Build.0 = Release|Win32
	EndGlobalSection
	GlobalSection(SolutionProperties) = preSolution
		HideSolutionNode = FALSE
	EndGlobalSection
	GlobalSection(ExtensibilityGlobals) = postSolution
		SolutionGuid = {C8BA11E6-BCC8-40F2-A62C-3A90A440357B}
	EndGlobalSection
EndGlobal
